// !$*UTF8*$!
{
	archiveVersion = 1;
	classes = {
	};
	objectVersion = 77;
	objects = {

/* Begin PBXBuildFile section */
		9E07F2FD2E27C94C00A4BEA4 /* FirebaseAuth in Frameworks */ = {isa = PBXBuildFile; productRef = 9E07F2FC2E27C94C00A4BEA4 /* FirebaseAuth */; };
		9E07F2FF2E27C94C00A4BEA4 /* FirebaseDatabase in Frameworks */ = {isa = PBXBuildFile; productRef = 9E07F2FE2E27C94C00A4BEA4 /* FirebaseDatabase */; };
		9E07F3012E27C94C00A4BEA4 /* FirebaseFirestore in Frameworks */ = {isa = PBXBuildFile; productRef = 9E07F3002E27C94C00A4BEA4 /* FirebaseFirestore */; };
		9E07F3032E27C94C00A4BEA4 /* FirebaseStorage in Frameworks */ = {isa = PBXBuildFile; productRef = 9E07F3022E27C94C00A4BEA4 /* FirebaseStorage */; };
		9E07F4ED2E2E451800A4BEA4 /* Kingfisher in Frameworks */ = {isa = PBXBuildFile; productRef = 9E07F4EC2E2E451800A4BEA4 /* Kingfisher */; };
		9EAF77522E351952006D6306 /* FirebaseFunctions in Frameworks */ = {isa = PBXBuildFile; productRef = 9EAF77512E351952006D6306 /* FirebaseFunctions */; };
/* End PBXBuildFile section */

/* Begin PBXBuildRule section */
		9EAF01342E352A5B006D6306 /* PBXBuildRule */ = {
			isa = PBXBuildRule;
			compilerSpec = com.apple.compilers.proxy.script;
			fileType = pattern.proxy;
			inputFiles = (
			);
			isEditable = 1;
			outputFiles = (
			);
			script = "# Type a script or drag a script file from your workspace to insert its path.\n";
		};
/* End PBXBuildRule section */

/* Begin PBXContainerItemProxy section */
		9EF671D02E277FFB00D90E60 /* PBXContainerItemProxy */ = {
			isa = PBXContainerItemProxy;
			containerPortal = 9EF671B72E277FF900D90E60 /* Project object */;
			proxyType = 1;
			remoteGlobalIDString = 9EF671BE2E277FF900D90E60;
			remoteInfo = RandevuJet;
		};
		9EF671DA2E277FFB00D90E60 /* PBXContainerItemProxy */ = {
			isa = PBXContainerItemProxy;
			containerPortal = 9EF671B72E277FF900D90E60 /* Project object */;
			proxyType = 1;
			remoteGlobalIDString = 9EF671BE2E277FF900D90E60;
			remoteInfo = RandevuJet;
		};
/* End PBXContainerItemProxy section */

/* Begin PBXCopyFilesBuildPhase section */
		9EAF01352E352A83006D6306 /* Copy Files (1 item) */ = {
			isa = PBXCopyFilesBuildPhase;
			buildActionMask = 2147483647;
			dstPath = "";
			dstSubfolderSpec = 7;
			files = (
			);
			name = "Copy Files (1 item)";
			runOnlyForDeploymentPostprocessing = 0;
		};
/* End PBXCopyFilesBuildPhase section */

/* Begin PBXFileReference section */
		9EF671BF2E277FF900D90E60 /* RandevuJet.app */ = {isa = PBXFileReference; explicitFileType = wrapper.application; includeInIndex = 0; path = RandevuJet.app; sourceTree = BUILT_PRODUCTS_DIR; };
		9EF671CF2E277FFB00D90E60 /* RandevuJetTests.xctest */ = {isa = PBXFileReference; explicitFileType = wrapper.cfbundle; includeInIndex = 0; path = RandevuJetTests.xctest; sourceTree = BUILT_PRODUCTS_DIR; };
		9EF671D92E277FFB00D90E60 /* RandevuJetUITests.xctest */ = {isa = PBXFileReference; explicitFileType = wrapper.cfbundle; includeInIndex = 0; path = RandevuJetUITests.xctest; sourceTree = BUILT_PRODUCTS_DIR; };
/* End PBXFileReference section */

/* Begin PBXFileSystemSynchronizedGroupBuildPhaseMembershipExceptionSet section */
		9EAF01372E352AA7006D6306 /* Exceptions for "RandevuJet" folder in "Copy Files (1 item)" phase from "RandevuJet" target */ = {
			isa = PBXFileSystemSynchronizedGroupBuildPhaseMembershipExceptionSet;
			buildPhase = 9EAF01352E352A83006D6306 /* Copy Files (1 item) */;
			membershipExceptions = (
				"GoogleService-Info.plist",
			);
		};
/* End PBXFileSystemSynchronizedGroupBuildPhaseMembershipExceptionSet section */

/* Begin PBXFileSystemSynchronizedRootGroup section */
		9EF671C12E277FF900D90E60 /* RandevuJet */ = {
			isa = PBXFileSystemSynchronizedRootGroup;
			exceptions = (
				9EAF01372E352AA7006D6306 /* Exceptions for "RandevuJet" folder in "Copy Files (1 item)" phase from "RandevuJet" target */,
			);
			path = RandevuJet;
			sourceTree = "<group>";
		};
		9EF671D22E277FFB00D90E60 /* RandevuJetTests */ = {
			isa = PBXFileSystemSynchronizedRootGroup;
			path = RandevuJetTests;
			sourceTree = "<group>";
		};
		9EF671DC2E277FFB00D90E60 /* RandevuJetUITests */ = {
			isa = PBXFileSystemSynchronizedRootGroup;
			path = RandevuJetUITests;
			sourceTree = "<group>";
		};
/* End PBXFileSystemSynchronizedRootGroup section */

/* Begin PBXFrameworksBuildPhase section */
		9EF671BC2E277FF900D90E60 /* Frameworks */ = {
			isa = PBXFrameworksBuildPhase;
			buildActionMask = 2147483647;
			files = (
				9E07F2FF2E27C94C00A4BEA4 /* FirebaseDatabase in Frameworks */,
				9E07F3032E27C94C00A4BEA4 /* FirebaseStorage in Frameworks */,
				9E07F2FD2E27C94C00A4BEA4 /* FirebaseAuth in Frameworks */,
				9EAF77522E351952006D6306 /* FirebaseFunctions in Frameworks */,
				9E07F3012E27C94C00A4BEA4 /* FirebaseFirestore in Frameworks */,
				9E07F4ED2E2E451800A4BEA4 /* Kingfisher in Frameworks */,
			);
			runOnlyForDeploymentPostprocessing = 0;
		};
		9EF671CC2E277FFB00D90E60 /* Frameworks */ = {
			isa = PBXFrameworksBuildPhase;
			buildActionMask = 2147483647;
			files = (
			);
			runOnlyForDeploymentPostprocessing = 0;
		};
		9EF671D62E277FFB00D90E60 /* Frameworks */ = {
			isa = PBXFrameworksBuildPhase;
			buildActionMask = 2147483647;
			files = (
			);
			runOnlyForDeploymentPostprocessing = 0;
		};
/* End PBXFrameworksBuildPhase section */

/* Begin PBXGroup section */
		9EF671B62E277FF900D90E60 = {
			isa = PBXGroup;
			children = (
				9EF671C12E277FF900D90E60 /* RandevuJet */,
				9EF671D22E277FFB00D90E60 /* RandevuJetTests */,
				9EF671DC2E277FFB00D90E60 /* RandevuJetUITests */,
				9EF671C02E277FF900D90E60 /* Products */,
			);
			sourceTree = "<group>";
		};
		9EF671C02E277FF900D90E60 /* Products */ = {
			isa = PBXGroup;
			children = (
				9EF671BF2E277FF900D90E60 /* RandevuJet.app */,
				9EF671CF2E277FFB00D90E60 /* RandevuJetTests.xctest */,
				9EF671D92E277FFB00D90E60 /* RandevuJetUITests.xctest */,
			);
			name = Products;
			sourceTree = "<group>";
		};
/* End PBXGroup section */

/* Begin PBXNativeTarget section */
		9EF671BE2E277FF900D90E60 /* RandevuJet */ = {
			isa = PBXNativeTarget;
			buildConfigurationList = 9EF671E32E277FFB00D90E60 /* Build configuration list for PBXNativeTarget "RandevuJet" */;
			buildPhases = (
				9EF671BB2E277FF900D90E60 /* Sources */,
				9EF671BC2E277FF900D90E60 /* Frameworks */,
				9EAF01352E352A83006D6306 /* Copy Files (1 item) */,
			);
			buildRules = (
				9EAF01342E352A5B006D6306 /* PBXBuildRule */,
			);
			dependencies = (
			);
			fileSystemSynchronizedGroups = (
				9EF671C12E277FF900D90E60 /* RandevuJet */,
			);
			name = RandevuJet;
			packageProductDependencies = (
				9E07F2FC2E27C94C00A4BEA4 /* FirebaseAuth */,
				9E07F2FE2E27C94C00A4BEA4 /* FirebaseDatabase */,
				9E07F3002E27C94C00A4BEA4 /* FirebaseFirestore */,
				9E07F3022E27C94C00A4BEA4 /* FirebaseStorage */,
				9E07F4EC2E2E451800A4BEA4 /* Kingfisher */,
				9EAF77512E351952006D6306 /* FirebaseFunctions */,
			);
			productName = RandevuJet;
			productReference = 9EF671BF2E277FF900D90E60 /* RandevuJet.app */;
			productType = "com.apple.product-type.application";
		};
		9EF671CE2E277FFB00D90E60 /* RandevuJetTests */ = {
			isa = PBXNativeTarget;
			buildConfigurationList = 9EF671E62E277FFB00D90E60 /* Build configuration list for PBXNativeTarget "RandevuJetTests" */;
			buildPhases = (
				9EF671CB2E277FFB00D90E60 /* Sources */,
				9EF671CC2E277FFB00D90E60 /* Frameworks */,
				9EF671CD2E277FFB00D90E60 /* Resources */,
			);
			buildRules = (
			);
			dependencies = (
				9EF671D12E277FFB00D90E60 /* PBXTargetDependency */,
			);
			fileSystemSynchronizedGroups = (
				9EF671D22E277FFB00D90E60 /* RandevuJetTests */,
			);
			name = RandevuJetTests;
			packageProductDependencies = (
			);
			productName = RandevuJetTests;
			productReference = 9EF671CF2E277FFB00D90E60 /* RandevuJetTests.xctest */;
			productType = "com.apple.product-type.bundle.unit-test";
		};
		9EF671D82E277FFB00D90E60 /* RandevuJetUITests */ = {
			isa = PBXNativeTarget;
			buildConfigurationList = 9EF671E92E277FFB00D90E60 /* Build configuration list for PBXNativeTarget "RandevuJetUITests" */;
			buildPhases = (
				9EF671D52E277FFB00D90E60 /* Sources */,
				9EF671D62E277FFB00D90E60 /* Frameworks */,
				9EF671D72E277FFB00D90E60 /* Resources */,
			);
			buildRules = (
			);
			dependencies = (
				9EF671DB2E277FFB00D90E60 /* PBXTargetDependency */,
			);
			fileSystemSynchronizedGroups = (
				9EF671DC2E277FFB00D90E60 /* RandevuJetUITests */,
			);
			name = RandevuJetUITests;
			packageProductDependencies = (
			);
			productName = RandevuJetUITests;
			productReference = 9EF671D92E277FFB00D90E60 /* RandevuJetUITests.xctest */;
			productType = "com.apple.product-type.bundle.ui-testing";
		};
/* End PBXNativeTarget section */

/* Begin PBXProject section */
		9EF671B72E277FF900D90E60 /* Project object */ = {
			isa = PBXProject;
			attributes = {
				BuildIndependentTargetsInParallel = 1;
				LastSwiftUpdateCheck = 1620;
				LastUpgradeCheck = 1620;
				TargetAttributes = {
					9EF671BE2E277FF900D90E60 = {
						CreatedOnToolsVersion = 16.2;
					};
					9EF671CE2E277FFB00D90E60 = {
						CreatedOnToolsVersion = 16.2;
						TestTargetID = 9EF671BE2E277FF900D90E60;
					};
					9EF671D82E277FFB00D90E60 = {
						CreatedOnToolsVersion = 16.2;
						TestTargetID = 9EF671BE2E277FF900D90E60;
					};
				};
			};
			buildConfigurationList = 9EF671BA2E277FF900D90E60 /* Build configuration list for PBXProject "RandevuJet" */;
			developmentRegion = en;
			hasScannedForEncodings = 0;
			knownRegions = (
				en,
				Base,
			);
			mainGroup = 9EF671B62E277FF900D90E60;
			minimizedProjectReferenceProxies = 1;
			packageReferences = (
				9E07F2FB2E27C94C00A4BEA4 /* XCRemoteSwiftPackageReference "firebase-ios-sdk" */,
				9E07F4EB2E2E451800A4BEA4 /* XCRemoteSwiftPackageReference "Kingfisher" */,
			);
			preferredProjectObjectVersion = 77;
			productRefGroup = 9EF671C02E277FF900D90E60 /* Products */;
			projectDirPath = "";
			projectRoot = "";
			targets = (
				9EF671BE2E277FF900D90E60 /* RandevuJet */,
				9EF671CE2E277FFB00D90E60 /* RandevuJetTests */,
				9EF671D82E277FFB00D90E60 /* RandevuJetUITests */,
			);
		};
/* End PBXProject section */

/* Begin PBXResourcesBuildPhase section */
		9EF671CD2E277FFB00D90E60 /* Resources */ = {
			isa = PBXResourcesBuildPhase;
			buildActionMask = 2147483647;
			files = (
			);
			runOnlyForDeploymentPostprocessing = 0;
		};
		9EF671D72E277FFB00D90E60 /* Resources */ = {
			isa = PBXResourcesBuildPhase;
			buildActionMask = 2147483647;
			files = (
			);
			runOnlyForDeploymentPostprocessing = 0;
		};
/* End PBXResourcesBuildPhase section */

/* Begin PBXSourcesBuildPhase section */
		9EF671BB2E277FF900D90E60 /* Sources */ = {
			isa = PBXSourcesBuildPhase;
			buildActionMask = 2147483647;
			files = (
			);
			runOnlyForDeploymentPostprocessing = 0;
		};
		9EF671CB2E277FFB00D90E60 /* Sources */ = {
			isa = PBXSourcesBuildPhase;
			buildActionMask = 2147483647;
			files = (
			);
			runOnlyForDeploymentPostprocessing = 0;
		};
		9EF671D52E277FFB00D90E60 /* Sources */ = {
			isa = PBXSourcesBuildPhase;
			buildActionMask = 2147483647;
			files = (
			);
			runOnlyForDeploymentPostprocessing = 0;
		};
/* End PBXSourcesBuildPhase section */

/* Begin PBXTargetDependency section */
		9EF671D12E277FFB00D90E60 /* PBXTargetDependency */ = {
			isa = PBXTargetDependency;
			target = 9EF671BE2E277FF900D90E60 /* RandevuJet */;
			targetProxy = 9EF671D02E277FFB00D90E60 /* PBXContainerItemProxy */;
		};
		9EF671DB2E277FFB00D90E60 /* PBXTargetDependency */ = {
			isa = PBXTargetDependency;
			target = 9EF671BE2E277FF900D90E60 /* RandevuJet */;
			targetProxy = 9EF671DA2E277FFB00D90E60 /* PBXContainerItemProxy */;
		};
/* End PBXTargetDependency section */

/* Begin XCBuildConfiguration section */
		9EF671E12E277FFB00D90E60 /* Debug */ = {
			isa = XCBuildConfiguration;
			buildSettings = {
				ALWAYS_SEARCH_USER_PATHS = NO;
				ASSETCATALOG_COMPILER_GENERATE_SWIFT_ASSET_SYMBOL_EXTENSIONS = YES;
				CLANG_ANALYZER_NONNULL = YES;
				CLANG_ANALYZER_NUMBER_OBJECT_CONVERSION = YES_AGGRESSIVE;
				CLANG_CXX_LANGUAGE_STANDARD = "gnu++20";
				CLANG_ENABLE_MODULES = YES;
				CLANG_ENABLE_OBJC_ARC = YES;
				CLANG_ENABLE_OBJC_WEAK = YES;
				CLANG_WARN_BLOCK_CAPTURE_AUTORELEASING = YES;
				CLANG_WARN_BOOL_CONVERSION = YES;
				CLANG_WARN_COMMA = YES;
				CLANG_WARN_CONSTANT_CONVERSION = YES;
				CLANG_WARN_DEPRECATED_OBJC_IMPLEMENTATIONS = YES;
				CLANG_WARN_DIRECT_OBJC_ISA_USAGE = YES_ERROR;
				CLANG_WARN_DOCUMENTATION_COMMENTS = YES;
				CLANG_WARN_EMPTY_BODY = YES;
				CLANG_WARN_ENUM_CONVERSION = YES;
				CLANG_WARN_INFINITE_RECURSION = YES;
				CLANG_WARN_INT_CONVERSION = YES;
				CLANG_WARN_NON_LITERAL_NULL_CONVERSION = YES;
				CLANG_WARN_OBJC_IMPLICIT_RETAIN_SELF = YES;
				CLANG_WARN_OBJC_LITERAL_CONVERSION = YES;
				CLANG_WARN_OBJC_ROOT_CLASS = YES_ERROR;
				CLANG_WARN_QUOTED_INCLUDE_IN_FRAMEWORK_HEADER = YES;
				CLANG_WARN_RANGE_LOOP_ANALYSIS = YES;
				CLANG_WARN_STRICT_PROTOTYPES = YES;
				CLANG_WARN_SUSPICIOUS_MOVE = YES;
				CLANG_WARN_UNGUARDED_AVAILABILITY = YES_AGGRESSIVE;
				CLANG_WARN_UNREACHABLE_CODE = YES;
				CLANG_WARN__DUPLICATE_METHOD_MATCH = YES;
				COPY_PHASE_STRIP = NO;
				DEBUG_INFORMATION_FORMAT = dwarf;
				ENABLE_STRICT_OBJC_MSGSEND = YES;
				ENABLE_TESTABILITY = YES;
				ENABLE_USER_SCRIPT_SANDBOXING = YES;
				GCC_C_LANGUAGE_STANDARD = gnu17;
				GCC_DYNAMIC_NO_PIC = NO;
				GCC_NO_COMMON_BLOCKS = YES;
				GCC_OPTIMIZATION_LEVEL = 0;
				GCC_PREPROCESSOR_DEFINITIONS = (
					"DEBUG=1",
					"$(inherited)",
				);
				GCC_WARN_64_TO_32_BIT_CONVERSION = YES;
				GCC_WARN_ABOUT_RETURN_TYPE = YES_ERROR;
				GCC_WARN_UNDECLARED_SELECTOR = YES;
				GCC_WARN_UNINITIALIZED_AUTOS = YES_AGGRESSIVE;
				GCC_WARN_UNUSED_FUNCTION = YES;
				GCC_WARN_UNUSED_VARIABLE = YES;
				IPHONEOS_DEPLOYMENT_TARGET = 18.2;
				LOCALIZATION_PREFERS_STRING_CATALOGS = YES;
				MTL_ENABLE_DEBUG_INFO = INCLUDE_SOURCE;
				MTL_FAST_MATH = YES;
				ONLY_ACTIVE_ARCH = YES;
				SDKROOT = iphoneos;
				SWIFT_ACTIVE_COMPILATION_CONDITIONS = "DEBUG $(inherited)";
				SWIFT_OPTIMIZATION_LEVEL = "-Onone";
			};
			name = Debug;
		};
		9EF671E22E277FFB00D90E60 /* Release */ = {
			isa = XCBuildConfiguration;
			buildSettings = {
				ALWAYS_SEARCH_USER_PATHS = NO;
				ASSETCATALOG_COMPILER_GENERATE_SWIFT_ASSET_SYMBOL_EXTENSIONS = YES;
				CLANG_ANALYZER_NONNULL = YES;
				CLANG_ANALYZER_NUMBER_OBJECT_CONVERSION = YES_AGGRESSIVE;
				CLANG_CXX_LANGUAGE_STANDARD = "gnu++20";
				CLANG_ENABLE_MODULES = YES;
				CLANG_ENABLE_OBJC_ARC = YES;
				CLANG_ENABLE_OBJC_WEAK = YES;
				CLANG_WARN_BLOCK_CAPTURE_AUTORELEASING = YES;
				CLANG_WARN_BOOL_CONVERSION = YES;
				CLANG_WARN_COMMA = YES;
				CLANG_WARN_CONSTANT_CONVERSION = YES;
				CLANG_WARN_DEPRECATED_OBJC_IMPLEMENTATIONS = YES;
				CLANG_WARN_DIRECT_OBJC_ISA_USAGE = YES_ERROR;
				CLANG_WARN_DOCUMENTATION_COMMENTS = YES;
				CLANG_WARN_EMPTY_BODY = YES;
				CLANG_WARN_ENUM_CONVERSION = YES;
				CLANG_WARN_INFINITE_RECURSION = YES;
				CLANG_WARN_INT_CONVERSION = YES;
				CLANG_WARN_NON_LITERAL_NULL_CONVERSION = YES;
				CLANG_WARN_OBJC_IMPLICIT_RETAIN_SELF = YES;
				CLANG_WARN_OBJC_LITERAL_CONVERSION = YES;
				CLANG_WARN_OBJC_ROOT_CLASS = YES_ERROR;
				CLANG_WARN_QUOTED_INCLUDE_IN_FRAMEWORK_HEADER = YES;
				CLANG_WARN_RANGE_LOOP_ANALYSIS = YES;
				CLANG_WARN_STRICT_PROTOTYPES = YES;
				CLANG_WARN_SUSPICIOUS_MOVE = YES;
				CLANG_WARN_UNGUARDED_AVAILABILITY = YES_AGGRESSIVE;
				CLANG_WARN_UNREACHABLE_CODE = YES;
				CLANG_WARN__DUPLICATE_METHOD_MATCH = YES;
				COPY_PHASE_STRIP = NO;
				DEBUG_INFORMATION_FORMAT = "dwarf-with-dsym";
				ENABLE_NS_ASSERTIONS = NO;
				ENABLE_STRICT_OBJC_MSGSEND = YES;
				ENABLE_USER_SCRIPT_SANDBOXING = YES;
				GCC_C_LANGUAGE_STANDARD = gnu17;
				GCC_NO_COMMON_BLOCKS = YES;
				GCC_WARN_64_TO_32_BIT_CONVERSION = YES;
				GCC_WARN_ABOUT_RETURN_TYPE = YES_ERROR;
				GCC_WARN_UNDECLARED_SELECTOR = YES;
				GCC_WARN_UNINITIALIZED_AUTOS = YES_AGGRESSIVE;
				GCC_WARN_UNUSED_FUNCTION = YES;
				GCC_WARN_UNUSED_VARIABLE = YES;
				IPHONEOS_DEPLOYMENT_TARGET = 18.2;
				LOCALIZATION_PREFERS_STRING_CATALOGS = YES;
				MTL_ENABLE_DEBUG_INFO = NO;
				MTL_FAST_MATH = YES;
				SDKROOT = iphoneos;
				SWIFT_COMPILATION_MODE = wholemodule;
				VALIDATE_PRODUCT = YES;
			};
			name = Release;
		};
		9EF671E42E277FFB00D90E60 /* Debug */ = {
			isa = XCBuildConfiguration;
			buildSettings = {
				ASSETCATALOG_COMPILER_APPICON_NAME = AppIcon;
				ASSETCATALOG_COMPILER_GLOBAL_ACCENT_COLOR_NAME = AccentColor;
				CODE_SIGN_STYLE = Automatic;
				CURRENT_PROJECT_VERSION = 1;
				DEVELOPMENT_ASSET_PATHS = "\"RandevuJet/Preview Content\"";
				ENABLE_PREVIEWS = YES;
				GENERATE_INFOPLIST_FILE = YES;
				INFOPLIST_KEY_UIApplicationSceneManifest_Generation = YES;
				INFOPLIST_KEY_UIApplicationSupportsIndirectInputEvents = YES;
				INFOPLIST_KEY_UILaunchScreen_Generation = YES;
				INFOPLIST_KEY_UISupportedInterfaceOrientations_iPad = "UIInterfaceOrientationPortrait UIInterfaceOrientationPortraitUpsideDown UIInterfaceOrientationLandscapeLeft UIInterfaceOrientationLandscapeRight";
				INFOPLIST_KEY_UISupportedInterfaceOrientations_iPhone = "UIInterfaceOrientationPortrait UIInterfaceOrientationLandscapeLeft UIInterfaceOrientationLandscapeRight";
				LD_RUNPATH_SEARCH_PATHS = (
					"$(inherited)",
					"@executable_path/Frameworks",
				);
				MARKETING_VERSION = 1.0;
				PRODUCT_BUNDLE_IDENTIFIER = sude.com.RandevuJet;
				PRODUCT_NAME = "$(TARGET_NAME)";
				SWIFT_EMIT_LOC_STRINGS = YES;
				SWIFT_VERSION = 5.0;
				TARGETED_DEVICE_FAMILY = "1,2";
			};
			name = Debug;
		};
		9EF671E52E277FFB00D90E60 /* Release */ = {
			isa = XCBuildConfiguration;
			buildSettings = {
				ASSETCATALOG_COMPILER_APPICON_NAME = AppIcon;
				ASSETCATALOG_COMPILER_GLOBAL_ACCENT_COLOR_NAME = AccentColor;
				CODE_SIGN_STYLE = Automatic;
				CURRENT_PROJECT_VERSION = 1;
				DEVELOPMENT_ASSET_PATHS = "\"RandevuJet/Preview Content\"";
				ENABLE_PREVIEWS = YES;
				GENERATE_INFOPLIST_FILE = YES;
				INFOPLIST_KEY_UIApplicationSceneManifest_Generation = YES;
				INFOPLIST_KEY_UIApplicationSupportsIndirectInputEvents = YES;
				INFOPLIST_KEY_UILaunchScreen_Generation = YES;
				INFOPLIST_KEY_UISupportedInterfaceOrientations_iPad = "UIInterfaceOrientationPortrait UIInterfaceOrientationPortraitUpsideDown UIInterfaceOrientationLandscapeLeft UIInterfaceOrientationLandscapeRight";
				INFOPLIST_KEY_UISupportedInterfaceOrientations_iPhone = "UIInterfaceOrientationPortrait UIInterfaceOrientationLandscapeLeft UIInterfaceOrientationLandscapeRight";
				LD_RUNPATH_SEARCH_PATHS = (
					"$(inherited)",
					"@executable_path/Frameworks",
				);
				MARKETING_VERSION = 1.0;
				PRODUCT_BUNDLE_IDENTIFIER = sude.com.RandevuJet;
				PRODUCT_NAME = "$(TARGET_NAME)";
				SWIFT_EMIT_LOC_STRINGS = YES;
				SWIFT_VERSION = 5.0;
				TARGETED_DEVICE_FAMILY = "1,2";
			};
			name = Release;
		};
		9EF671E72E277FFB00D90E60 /* Debug */ = {
			isa = XCBuildConfiguration;
			buildSettings = {
				BUNDLE_LOADER = "$(TEST_HOST)";
				CODE_SIGN_STYLE = Automatic;
				CURRENT_PROJECT_VERSION = 1;
				GENERATE_INFOPLIST_FILE = YES;
				IPHONEOS_DEPLOYMENT_TARGET = 18.2;
				MARKETING_VERSION = 1.0;
				PRODUCT_BUNDLE_IDENTIFIER = sude.com.RandevuJetTests;
				PRODUCT_NAME = "$(TARGET_NAME)";
				SWIFT_EMIT_LOC_STRINGS = NO;
				SWIFT_VERSION = 5.0;
				TARGETED_DEVICE_FAMILY = "1,2";
				TEST_HOST = "$(BUILT_PRODUCTS_DIR)/RandevuJet.app/$(BUNDLE_EXECUTABLE_FOLDER_PATH)/RandevuJet";
			};
			name = Debug;
		};
		9EF671E82E277FFB00D90E60 /* Release */ = {
			isa = XCBuildConfiguration;
			buildSettings = {
				BUNDLE_LOADER = "$(TEST_HOST)";
				CODE_SIGN_STYLE = Automatic;
				CURRENT_PROJECT_VERSION = 1;
				GENERATE_INFOPLIST_FILE = YES;
				IPHONEOS_DEPLOYMENT_TARGET = 18.2;
				MARKETING_VERSION = 1.0;
				PRODUCT_BUNDLE_IDENTIFIER = sude.com.RandevuJetTests;
				PRODUCT_NAME = "$(TARGET_NAME)";
				SWIFT_EMIT_LOC_STRINGS = NO;
				SWIFT_VERSION = 5.0;
				TARGETED_DEVICE_FAMILY = "1,2";
				TEST_HOST = "$(BUILT_PRODUCTS_DIR)/RandevuJet.app/$(BUNDLE_EXECUTABLE_FOLDER_PATH)/RandevuJet";
			};
			name = Release;
		};
		9EF671EA2E277FFB00D90E60 /* Debug */ = {
			isa = XCBuildConfiguration;
			buildSettings = {
				CODE_SIGN_STYLE = Automatic;
				CURRENT_PROJECT_VERSION = 1;
				GENERATE_INFOPLIST_FILE = YES;
				MARKETING_VERSION = 1.0;
				PRODUCT_BUNDLE_IDENTIFIER = sude.com.RandevuJetUITests;
				PRODUCT_NAME = "$(TARGET_NAME)";
				SWIFT_EMIT_LOC_STRINGS = NO;
				SWIFT_VERSION = 5.0;
				TARGETED_DEVICE_FAMILY = "1,2";
				TEST_TARGET_NAME = RandevuJet;
			};
			name = Debug;
		};
		9EF671EB2E277FFB00D90E60 /* Release */ = {
			isa = XCBuildConfiguration;
			buildSettings = {
				CODE_SIGN_STYLE = Automatic;
				CURRENT_PROJECT_VERSION = 1;
				GENERATE_INFOPLIST_FILE = YES;
				MARKETING_VERSION = 1.0;
				PRODUCT_BUNDLE_IDENTIFIER = sude.com.RandevuJetUITests;
				PRODUCT_NAME = "$(TARGET_NAME)";
				SWIFT_EMIT_LOC_STRINGS = NO;
				SWIFT_VERSION = 5.0;
				TARGETED_DEVICE_FAMILY = "1,2";
				TEST_TARGET_NAME = RandevuJet;
			};
			name = Release;
		};
/* End XCBuildConfiguration section */

/* Begin XCConfigurationList section */
		9EF671BA2E277FF900D90E60 /* Build configuration list for PBXProject "RandevuJet" */ = {
			isa = XCConfigurationList;
			buildConfigurations = (
				9EF671E12E277FFB00D90E60 /* Debug */,
				9EF671E22E277FFB00D90E60 /* Release */,
			);
			defaultConfigurationIsVisible = 0;
			defaultConfigurationName = Release;
		};
		9EF671E32E277FFB00D90E60 /* Build configuration list for PBXNativeTarget "RandevuJet" */ = {
			isa = XCConfigurationList;
			buildConfigurations = (
				9EF671E42E277FFB00D90E60 /* Debug */,
				9EF671E52E277FFB00D90E60 /* Release */,
			);
			defaultConfigurationIsVisible = 0;
			defaultConfigurationName = Release;
		};
		9EF671E62E277FFB00D90E60 /* Build configuration list for PBXNativeTarget "RandevuJetTests" */ = {
			isa = XCConfigurationList;
			buildConfigurations = (
				9EF671E72E277FFB00D90E60 /* Debug */,
				9EF671E82E277FFB00D90E60 /* Release */,
			);
			defaultConfigurationIsVisible = 0;
			defaultConfigurationName = Release;
		};
		9EF671E92E277FFB00D90E60 /* Build configuration list for PBXNativeTarget "RandevuJetUITests" */ = {
			isa = XCConfigurationList;
			buildConfigurations = (
				9EF671EA2E277FFB00D90E60 /* Debug */,
				9EF671EB2E277FFB00D90E60 /* Release */,
			);
			defaultConfigurationIsVisible = 0;
			defaultConfigurationName = Release;
		};
/* End XCConfigurationList section */

/* Begin XCRemoteSwiftPackageReference section */
		9E07F2FB2E27C94C00A4BEA4 /* XCRemoteSwiftPackageReference "firebase-ios-sdk" */ = {
			isa = XCRemoteSwiftPackageReference;
			repositoryURL = "https://github.com/firebase/firebase-ios-sdk";
			requirement = {
				kind = upToNextMajorVersion;
				minimumVersion = 12.0.0;
			};
		};
		9E07F4EB2E2E451800A4BEA4 /* XCRemoteSwiftPackageReference "Kingfisher" */ = {
			isa = XCRemoteSwiftPackageReference;
			repositoryURL = "https://github.com/onevcat/Kingfisher.git";
			requirement = {
				kind = upToNextMajorVersion;
				minimumVersion = 8.5.0;
			};
		};
/* End XCRemoteSwiftPackageReference section */

/* Begin XCSwiftPackageProductDependency section */
		9E07F2FC2E27C94C00A4BEA4 /* FirebaseAuth */ = {
			isa = XCSwiftPackageProductDependency;
			package = 9E07F2FB2E27C94C00A4BEA4 /* XCRemoteSwiftPackageReference "firebase-ios-sdk" */;
			productName = FirebaseAuth;
		};
		9E07F2FE2E27C94C00A4BEA4 /* FirebaseDatabase */ = {
			isa = XCSwiftPackageProductDependency;
			package = 9E07F2FB2E27C94C00A4BEA4 /* XCRemoteSwiftPackageReference "firebase-ios-sdk" */;
			productName = FirebaseDatabase;
		};
		9E07F3002E27C94C00A4BEA4 /* FirebaseFirestore */ = {
			isa = XCSwiftPackageProductDependency;
			package = 9E07F2FB2E27C94C00A4BEA4 /* XCRemoteSwiftPackageReference "firebase-ios-sdk" */;
			productName = FirebaseFirestore;
		};
		9E07F3022E27C94C00A4BEA4 /* FirebaseStorage */ = {
			isa = XCSwiftPackageProductDependency;
			package = 9E07F2FB2E27C94C00A4BEA4 /* XCRemoteSwiftPackageReference "firebase-ios-sdk" */;
			productName = FirebaseStorage;
		};
		9E07F4EC2E2E451800A4BEA4 /* Kingfisher */ = {
			isa = XCSwiftPackageProductDependency;
			package = 9E07F4EB2E2E451800A4BEA4 /* XCRemoteSwiftPackageReference "Kingfisher" */;
			productName = Kingfisher;
		};
		9EAF77512E351952006D6306 /* FirebaseFunctions */ = {
			isa = XCSwiftPackageProductDependency;
			productName = FirebaseFunctions;
		};
/* End XCSwiftPackageProductDependency section */
	};
	rootObject = 9EF671B72E277FF900D90E60 /* Project object */;
}
